// !$*UTF8*$!
{
	archiveVersion = 1;
	classes = {
	};
	objectVersion = 46;
	objects = {

/* Begin PBXBuildFile section */
		E6372A861AFC721400526393 /* NetworkManager.m in Sources */ = {isa = PBXBuildFile; fileRef = E6372A851AFC721400526393 /* NetworkManager.m */; };
		E6372A8E1AFC787F00526393 /* CityMeta.m in Sources */ = {isa = PBXBuildFile; fileRef = E6372A8D1AFC787F00526393 /* CityMeta.m */; };
		E6372A951AFCE28400526393 /* DistrictMeta.m in Sources */ = {isa = PBXBuildFile; fileRef = E6372A941AFCE28400526393 /* DistrictMeta.m */; };
		E6372A981AFCE46B00526393 /* CinemaMeta.m in Sources */ = {isa = PBXBuildFile; fileRef = E6372A971AFCE46B00526393 /* CinemaMeta.m */; };
		E6372A9B1AFCE6D800526393 /* MovieMeta.m in Sources */ = {isa = PBXBuildFile; fileRef = E6372A9A1AFCE6D800526393 /* MovieMeta.m */; };
		E6372A9E1AFCEB6000526393 /* MovieDetailMeta.m in Sources */ = {isa = PBXBuildFile; fileRef = E6372A9D1AFCEB6000526393 /* MovieDetailMeta.m */; };
		E6372AA41AFCF12D00526393 /* SessionMeta.m in Sources */ = {isa = PBXBuildFile; fileRef = E6372AA31AFCF12D00526393 /* SessionMeta.m */; };
		E6372AA71AFCF14400526393 /* TicketMeta.m in Sources */ = {isa = PBXBuildFile; fileRef = E6372AA61AFCF14400526393 /* TicketMeta.m */; };
		E6CF12031AFA398A004FBDB7 /* main.m in Sources */ = {isa = PBXBuildFile; fileRef = E6CF12021AFA398A004FBDB7 /* main.m */; };
		E6CF12061AFA398A004FBDB7 /* AppDelegate.m in Sources */ = {isa = PBXBuildFile; fileRef = E6CF12051AFA398A004FBDB7 /* AppDelegate.m */; };
		E6CF12091AFA398A004FBDB7 /* HuiYing.xcdatamodeld in Sources */ = {isa = PBXBuildFile; fileRef = E6CF12071AFA398A004FBDB7 /* HuiYing.xcdatamodeld */; };
		E6CF120C1AFA398A004FBDB7 /* ViewController.m in Sources */ = {isa = PBXBuildFile; fileRef = E6CF120B1AFA398A004FBDB7 /* ViewController.m */; };
		E6CF120F1AFA398A004FBDB7 /* Main.storyboard in Resources */ = {isa = PBXBuildFile; fileRef = E6CF120D1AFA398A004FBDB7 /* Main.storyboard */; };
		E6CF12111AFA398A004FBDB7 /* Images.xcassets in Resources */ = {isa = PBXBuildFile; fileRef = E6CF12101AFA398A004FBDB7 /* Images.xcassets */; };
		E6CF12141AFA398A004FBDB7 /* LaunchScreen.xib in Resources */ = {isa = PBXBuildFile; fileRef = E6CF12121AFA398A004FBDB7 /* LaunchScreen.xib */; };
		E6CF12201AFA398A004FBDB7 /* HuiYingTests.m in Sources */ = {isa = PBXBuildFile; fileRef = E6CF121F1AFA398A004FBDB7 /* HuiYingTests.m */; };
		E6CF125D1AFB8803004FBDB7 /* AFHTTPRequestOperation.m in Sources */ = {isa = PBXBuildFile; fileRef = E6CF124B1AFB8803004FBDB7 /* AFHTTPRequestOperation.m */; };
		E6CF125E1AFB8803004FBDB7 /* AFHTTPRequestOperationManager.m in Sources */ = {isa = PBXBuildFile; fileRef = E6CF124D1AFB8803004FBDB7 /* AFHTTPRequestOperationManager.m */; };
		E6CF125F1AFB8803004FBDB7 /* AFHTTPSessionManager.m in Sources */ = {isa = PBXBuildFile; fileRef = E6CF124F1AFB8803004FBDB7 /* AFHTTPSessionManager.m */; };
		E6CF12601AFB8803004FBDB7 /* AFNetworkReachabilityManager.m in Sources */ = {isa = PBXBuildFile; fileRef = E6CF12521AFB8803004FBDB7 /* AFNetworkReachabilityManager.m */; };
		E6CF12611AFB8803004FBDB7 /* AFSecurityPolicy.m in Sources */ = {isa = PBXBuildFile; fileRef = E6CF12541AFB8803004FBDB7 /* AFSecurityPolicy.m */; };
		E6CF12621AFB8803004FBDB7 /* AFURLConnectionOperation.m in Sources */ = {isa = PBXBuildFile; fileRef = E6CF12561AFB8803004FBDB7 /* AFURLConnectionOperation.m */; };
		E6CF12631AFB8803004FBDB7 /* AFURLRequestSerialization.m in Sources */ = {isa = PBXBuildFile; fileRef = E6CF12581AFB8803004FBDB7 /* AFURLRequestSerialization.m */; };
		E6CF12641AFB8803004FBDB7 /* AFURLResponseSerialization.m in Sources */ = {isa = PBXBuildFile; fileRef = E6CF125A1AFB8803004FBDB7 /* AFURLResponseSerialization.m */; };
		E6CF12651AFB8803004FBDB7 /* AFURLSessionManager.m in Sources */ = {isa = PBXBuildFile; fileRef = E6CF125C1AFB8803004FBDB7 /* AFURLSessionManager.m */; };
		E6CF12771AFB8813004FBDB7 /* AFNetworkActivityIndicatorManager.m in Sources */ = {isa = PBXBuildFile; fileRef = E6CF12671AFB8813004FBDB7 /* AFNetworkActivityIndicatorManager.m */; };
		E6CF12781AFB8813004FBDB7 /* UIActivityIndicatorView+AFNetworking.m in Sources */ = {isa = PBXBuildFile; fileRef = E6CF12691AFB8813004FBDB7 /* UIActivityIndicatorView+AFNetworking.m */; };
		E6CF12791AFB8813004FBDB7 /* UIAlertView+AFNetworking.m in Sources */ = {isa = PBXBuildFile; fileRef = E6CF126B1AFB8813004FBDB7 /* UIAlertView+AFNetworking.m */; };
		E6CF127A1AFB8813004FBDB7 /* UIButton+AFNetworking.m in Sources */ = {isa = PBXBuildFile; fileRef = E6CF126D1AFB8813004FBDB7 /* UIButton+AFNetworking.m */; };
		E6CF127B1AFB8813004FBDB7 /* UIImageView+AFNetworking.m in Sources */ = {isa = PBXBuildFile; fileRef = E6CF126F1AFB8813004FBDB7 /* UIImageView+AFNetworking.m */; };
		E6CF127C1AFB8813004FBDB7 /* UIProgressView+AFNetworking.m in Sources */ = {isa = PBXBuildFile; fileRef = E6CF12721AFB8813004FBDB7 /* UIProgressView+AFNetworking.m */; };
		E6CF127D1AFB8813004FBDB7 /* UIRefreshControl+AFNetworking.m in Sources */ = {isa = PBXBuildFile; fileRef = E6CF12741AFB8813004FBDB7 /* UIRefreshControl+AFNetworking.m */; };
		E6CF127E1AFB8813004FBDB7 /* UIWebView+AFNetworking.m in Sources */ = {isa = PBXBuildFile; fileRef = E6CF12761AFB8813004FBDB7 /* UIWebView+AFNetworking.m */; };
		E6CF12811AFB88E9004FBDB7 /* URLManager.m in Sources */ = {isa = PBXBuildFile; fileRef = E6CF12801AFB88E9004FBDB7 /* URLManager.m */; };
/* End PBXBuildFile section */

/* Begin PBXContainerItemProxy section */
		E6CF121A1AFA398A004FBDB7 /* PBXContainerItemProxy */ = {
			isa = PBXContainerItemProxy;
			containerPortal = E6CF11F51AFA398A004FBDB7 /* Project object */;
			proxyType = 1;
			remoteGlobalIDString = E6CF11FC1AFA398A004FBDB7;
			remoteInfo = HuiYing;
		};
/* End PBXContainerItemProxy section */

/* Begin PBXFileReference section */
		E6372A841AFC721400526393 /* NetworkManager.h */ = {isa = PBXFileReference; fileEncoding = 4; lastKnownFileType = sourcecode.c.h; path = NetworkManager.h; sourceTree = "<group>"; };
		E6372A851AFC721400526393 /* NetworkManager.m */ = {isa = PBXFileReference; fileEncoding = 4; lastKnownFileType = sourcecode.c.objc; path = NetworkManager.m; sourceTree = "<group>"; };
		E6372A8C1AFC787F00526393 /* CityMeta.h */ = {isa = PBXFileReference; fileEncoding = 4; lastKnownFileType = sourcecode.c.h; name = CityMeta.h; path = ../CityMeta.h; sourceTree = "<group>"; };
		E6372A8D1AFC787F00526393 /* CityMeta.m */ = {isa = PBXFileReference; fileEncoding = 4; lastKnownFileType = sourcecode.c.objc; name = CityMeta.m; path = ../CityMeta.m; sourceTree = "<group>"; };
		E6372A8F1AFC7A6D00526393 /* Constraits.h */ = {isa = PBXFileReference; lastKnownFileType = sourcecode.c.h; path = Constraits.h; sourceTree = "<group>"; };
		E6372A931AFCE28400526393 /* DistrictMeta.h */ = {isa = PBXFileReference; fileEncoding = 4; lastKnownFileType = sourcecode.c.h; path = DistrictMeta.h; sourceTree = "<group>"; };
		E6372A941AFCE28400526393 /* DistrictMeta.m */ = {isa = PBXFileReference; fileEncoding = 4; lastKnownFileType = sourcecode.c.objc; path = DistrictMeta.m; sourceTree = "<group>"; };
		E6372A961AFCE46B00526393 /* CinemaMeta.h */ = {isa = PBXFileReference; fileEncoding = 4; lastKnownFileType = sourcecode.c.h; path = CinemaMeta.h; sourceTree = "<group>"; };
		E6372A971AFCE46B00526393 /* CinemaMeta.m */ = {isa = PBXFileReference; fileEncoding = 4; lastKnownFileType = sourcecode.c.objc; path = CinemaMeta.m; sourceTree = "<group>"; };
		E6372A991AFCE6D800526393 /* MovieMeta.h */ = {isa = PBXFileReference; fileEncoding = 4; lastKnownFileType = sourcecode.c.h; name = MovieMeta.h; path = ../MovieMeta.h; sourceTree = "<group>"; };
		E6372A9A1AFCE6D800526393 /* MovieMeta.m */ = {isa = PBXFileReference; fileEncoding = 4; lastKnownFileType = sourcecode.c.objc; name = MovieMeta.m; path = ../MovieMeta.m; sourceTree = "<group>"; };
		E6372A9C1AFCEB6000526393 /* MovieDetailMeta.h */ = {isa = PBXFileReference; fileEncoding = 4; lastKnownFileType = sourcecode.c.h; path = MovieDetailMeta.h; sourceTree = "<group>"; };
		E6372A9D1AFCEB6000526393 /* MovieDetailMeta.m */ = {isa = PBXFileReference; fileEncoding = 4; lastKnownFileType = sourcecode.c.objc; path = MovieDetailMeta.m; sourceTree = "<group>"; };
		E6372AA21AFCF12D00526393 /* SessionMeta.h */ = {isa = PBXFileReference; fileEncoding = 4; lastKnownFileType = sourcecode.c.h; path = SessionMeta.h; sourceTree = "<group>"; };
		E6372AA31AFCF12D00526393 /* SessionMeta.m */ = {isa = PBXFileReference; fileEncoding = 4; lastKnownFileType = sourcecode.c.objc; path = SessionMeta.m; sourceTree = "<group>"; };
		E6372AA51AFCF14400526393 /* TicketMeta.h */ = {isa = PBXFileReference; fileEncoding = 4; lastKnownFileType = sourcecode.c.h; path = TicketMeta.h; sourceTree = "<group>"; };
		E6372AA61AFCF14400526393 /* TicketMeta.m */ = {isa = PBXFileReference; fileEncoding = 4; lastKnownFileType = sourcecode.c.objc; path = TicketMeta.m; sourceTree = "<group>"; };
		E6CF11FD1AFA398A004FBDB7 /* HuiYing.app */ = {isa = PBXFileReference; explicitFileType = wrapper.application; includeInIndex = 0; path = HuiYing.app; sourceTree = BUILT_PRODUCTS_DIR; };
		E6CF12011AFA398A004FBDB7 /* Info.plist */ = {isa = PBXFileReference; lastKnownFileType = text.plist.xml; path = Info.plist; sourceTree = "<group>"; };
		E6CF12021AFA398A004FBDB7 /* main.m */ = {isa = PBXFileReference; lastKnownFileType = sourcecode.c.objc; path = main.m; sourceTree = "<group>"; };
		E6CF12041AFA398A004FBDB7 /* AppDelegate.h */ = {isa = PBXFileReference; lastKnownFileType = sourcecode.c.h; path = AppDelegate.h; sourceTree = "<group>"; };
		E6CF12051AFA398A004FBDB7 /* AppDelegate.m */ = {isa = PBXFileReference; lastKnownFileType = sourcecode.c.objc; path = AppDelegate.m; sourceTree = "<group>"; };
		E6CF12081AFA398A004FBDB7 /* HuiYing.xcdatamodel */ = {isa = PBXFileReference; lastKnownFileType = wrapper.xcdatamodel; path = HuiYing.xcdatamodel; sourceTree = "<group>"; };
		E6CF120A1AFA398A004FBDB7 /* ViewController.h */ = {isa = PBXFileReference; lastKnownFileType = sourcecode.c.h; path = ViewController.h; sourceTree = "<group>"; };
		E6CF120B1AFA398A004FBDB7 /* ViewController.m */ = {isa = PBXFileReference; lastKnownFileType = sourcecode.c.objc; path = ViewController.m; sourceTree = "<group>"; };
		E6CF120E1AFA398A004FBDB7 /* Base */ = {isa = PBXFileReference; lastKnownFileType = file.storyboard; name = Base; path = Base.lproj/Main.storyboard; sourceTree = "<group>"; };
		E6CF12101AFA398A004FBDB7 /* Images.xcassets */ = {isa = PBXFileReference; lastKnownFileType = folder.assetcatalog; path = Images.xcassets; sourceTree = "<group>"; };
		E6CF12131AFA398A004FBDB7 /* Base */ = {isa = PBXFileReference; lastKnownFileType = file.xib; name = Base; path = Base.lproj/LaunchScreen.xib; sourceTree = "<group>"; };
		E6CF12191AFA398A004FBDB7 /* HuiYingTests.xctest */ = {isa = PBXFileReference; explicitFileType = wrapper.cfbundle; includeInIndex = 0; path = HuiYingTests.xctest; sourceTree = BUILT_PRODUCTS_DIR; };
		E6CF121E1AFA398A004FBDB7 /* Info.plist */ = {isa = PBXFileReference; lastKnownFileType = text.plist.xml; path = Info.plist; sourceTree = "<group>"; };
		E6CF121F1AFA398A004FBDB7 /* HuiYingTests.m */ = {isa = PBXFileReference; lastKnownFileType = sourcecode.c.objc; path = HuiYingTests.m; sourceTree = "<group>"; };
		E6CF124A1AFB8803004FBDB7 /* AFHTTPRequestOperation.h */ = {isa = PBXFileReference; fileEncoding = 4; lastKnownFileType = sourcecode.c.h; name = AFHTTPRequestOperation.h; path = "../../../Downloads/AFNetworking-master/AFNetworking/AFHTTPRequestOperation.h"; sourceTree = "<group>"; };
		E6CF124B1AFB8803004FBDB7 /* AFHTTPRequestOperation.m */ = {isa = PBXFileReference; fileEncoding = 4; lastKnownFileType = sourcecode.c.objc; name = AFHTTPRequestOperation.m; path = "../../../Downloads/AFNetworking-master/AFNetworking/AFHTTPRequestOperation.m"; sourceTree = "<group>"; };
		E6CF124C1AFB8803004FBDB7 /* AFHTTPRequestOperationManager.h */ = {isa = PBXFileReference; fileEncoding = 4; lastKnownFileType = sourcecode.c.h; name = AFHTTPRequestOperationManager.h; path = "../../../Downloads/AFNetworking-master/AFNetworking/AFHTTPRequestOperationManager.h"; sourceTree = "<group>"; };
		E6CF124D1AFB8803004FBDB7 /* AFHTTPRequestOperationManager.m */ = {isa = PBXFileReference; fileEncoding = 4; lastKnownFileType = sourcecode.c.objc; name = AFHTTPRequestOperationManager.m; path = "../../../Downloads/AFNetworking-master/AFNetworking/AFHTTPRequestOperationManager.m"; sourceTree = "<group>"; };
		E6CF124E1AFB8803004FBDB7 /* AFHTTPSessionManager.h */ = {isa = PBXFileReference; fileEncoding = 4; lastKnownFileType = sourcecode.c.h; name = AFHTTPSessionManager.h; path = "../../../Downloads/AFNetworking-master/AFNetworking/AFHTTPSessionManager.h"; sourceTree = "<group>"; };
		E6CF124F1AFB8803004FBDB7 /* AFHTTPSessionManager.m */ = {isa = PBXFileReference; fileEncoding = 4; lastKnownFileType = sourcecode.c.objc; name = AFHTTPSessionManager.m; path = "../../../Downloads/AFNetworking-master/AFNetworking/AFHTTPSessionManager.m"; sourceTree = "<group>"; };
		E6CF12501AFB8803004FBDB7 /* AFNetworking.h */ = {isa = PBXFileReference; fileEncoding = 4; lastKnownFileType = sourcecode.c.h; name = AFNetworking.h; path = "../../../Downloads/AFNetworking-master/AFNetworking/AFNetworking.h"; sourceTree = "<group>"; };
		E6CF12511AFB8803004FBDB7 /* AFNetworkReachabilityManager.h */ = {isa = PBXFileReference; fileEncoding = 4; lastKnownFileType = sourcecode.c.h; name = AFNetworkReachabilityManager.h; path = "../../../Downloads/AFNetworking-master/AFNetworking/AFNetworkReachabilityManager.h"; sourceTree = "<group>"; };
		E6CF12521AFB8803004FBDB7 /* AFNetworkReachabilityManager.m */ = {isa = PBXFileReference; fileEncoding = 4; lastKnownFileType = sourcecode.c.objc; name = AFNetworkReachabilityManager.m; path = "../../../Downloads/AFNetworking-master/AFNetworking/AFNetworkReachabilityManager.m"; sourceTree = "<group>"; };
		E6CF12531AFB8803004FBDB7 /* AFSecurityPolicy.h */ = {isa = PBXFileReference; fileEncoding = 4; lastKnownFileType = sourcecode.c.h; name = AFSecurityPolicy.h; path = "../../../Downloads/AFNetworking-master/AFNetworking/AFSecurityPolicy.h"; sourceTree = "<group>"; };
		E6CF12541AFB8803004FBDB7 /* AFSecurityPolicy.m */ = {isa = PBXFileReference; fileEncoding = 4; lastKnownFileType = sourcecode.c.objc; name = AFSecurityPolicy.m; path = "../../../Downloads/AFNetworking-master/AFNetworking/AFSecurityPolicy.m"; sourceTree = "<group>"; };
		E6CF12551AFB8803004FBDB7 /* AFURLConnectionOperation.h */ = {isa = PBXFileReference; fileEncoding = 4; lastKnownFileType = sourcecode.c.h; name = AFURLConnectionOperation.h; path = "../../../Downloads/AFNetworking-master/AFNetworking/AFURLConnectionOperation.h"; sourceTree = "<group>"; };
		E6CF12561AFB8803004FBDB7 /* AFURLConnectionOperation.m */ = {isa = PBXFileReference; fileEncoding = 4; lastKnownFileType = sourcecode.c.objc; name = AFURLConnectionOperation.m; path = "../../../Downloads/AFNetworking-master/AFNetworking/AFURLConnectionOperation.m"; sourceTree = "<group>"; };
		E6CF12571AFB8803004FBDB7 /* AFURLRequestSerialization.h */ = {isa = PBXFileReference; fileEncoding = 4; lastKnownFileType = sourcecode.c.h; name = AFURLRequestSerialization.h; path = "../../../Downloads/AFNetworking-master/AFNetworking/AFURLRequestSerialization.h"; sourceTree = "<group>"; };
		E6CF12581AFB8803004FBDB7 /* AFURLRequestSerialization.m */ = {isa = PBXFileReference; fileEncoding = 4; lastKnownFileType = sourcecode.c.objc; name = AFURLRequestSerialization.m; path = "../../../Downloads/AFNetworking-master/AFNetworking/AFURLRequestSerialization.m"; sourceTree = "<group>"; };
		E6CF12591AFB8803004FBDB7 /* AFURLResponseSerialization.h */ = {isa = PBXFileReference; fileEncoding = 4; lastKnownFileType = sourcecode.c.h; name = AFURLResponseSerialization.h; path = "../../../Downloads/AFNetworking-master/AFNetworking/AFURLResponseSerialization.h"; sourceTree = "<group>"; };
		E6CF125A1AFB8803004FBDB7 /* AFURLResponseSerialization.m */ = {isa = PBXFileReference; fileEncoding = 4; lastKnownFileType = sourcecode.c.objc; name = AFURLResponseSerialization.m; path = "../../../Downloads/AFNetworking-master/AFNetworking/AFURLResponseSerialization.m"; sourceTree = "<group>"; };
		E6CF125B1AFB8803004FBDB7 /* AFURLSessionManager.h */ = {isa = PBXFileReference; fileEncoding = 4; lastKnownFileType = sourcecode.c.h; name = AFURLSessionManager.h; path = "../../../Downloads/AFNetworking-master/AFNetworking/AFURLSessionManager.h"; sourceTree = "<group>"; };
		E6CF125C1AFB8803004FBDB7 /* AFURLSessionManager.m */ = {isa = PBXFileReference; fileEncoding = 4; lastKnownFileType = sourcecode.c.objc; name = AFURLSessionManager.m; path = "../../../Downloads/AFNetworking-master/AFNetworking/AFURLSessionManager.m"; sourceTree = "<group>"; };
		E6CF12661AFB8813004FBDB7 /* AFNetworkActivityIndicatorManager.h */ = {isa = PBXFileReference; fileEncoding = 4; lastKnownFileType = sourcecode.c.h; name = AFNetworkActivityIndicatorManager.h; path = "../../../Downloads/AFNetworking-master/UIKit+AFNetworking/AFNetworkActivityIndicatorManager.h"; sourceTree = "<group>"; };
		E6CF12671AFB8813004FBDB7 /* AFNetworkActivityIndicatorManager.m */ = {isa = PBXFileReference; fileEncoding = 4; lastKnownFileType = sourcecode.c.objc; name = AFNetworkActivityIndicatorManager.m; path = "../../../Downloads/AFNetworking-master/UIKit+AFNetworking/AFNetworkActivityIndicatorManager.m"; sourceTree = "<group>"; };
		E6CF12681AFB8813004FBDB7 /* UIActivityIndicatorView+AFNetworking.h */ = {isa = PBXFileReference; fileEncoding = 4; lastKnownFileType = sourcecode.c.h; name = "UIActivityIndicatorView+AFNetworking.h"; path = "../../../Downloads/AFNetworking-master/UIKit+AFNetworking/UIActivityIndicatorView+AFNetworking.h"; sourceTree = "<group>"; };
		E6CF12691AFB8813004FBDB7 /* UIActivityIndicatorView+AFNetworking.m */ = {isa = PBXFileReference; fileEncoding = 4; lastKnownFileType = sourcecode.c.objc; name = "UIActivityIndicatorView+AFNetworking.m"; path = "../../../Downloads/AFNetworking-master/UIKit+AFNetworking/UIActivityIndicatorView+AFNetworking.m"; sourceTree = "<group>"; };
		E6CF126A1AFB8813004FBDB7 /* UIAlertView+AFNetworking.h */ = {isa = PBXFileReference; fileEncoding = 4; lastKnownFileType = sourcecode.c.h; name = "UIAlertView+AFNetworking.h"; path = "../../../Downloads/AFNetworking-master/UIKit+AFNetworking/UIAlertView+AFNetworking.h"; sourceTree = "<group>"; };
		E6CF126B1AFB8813004FBDB7 /* UIAlertView+AFNetworking.m */ = {isa = PBXFileReference; fileEncoding = 4; lastKnownFileType = sourcecode.c.objc; name = "UIAlertView+AFNetworking.m"; path = "../../../Downloads/AFNetworking-master/UIKit+AFNetworking/UIAlertView+AFNetworking.m"; sourceTree = "<group>"; };
		E6CF126C1AFB8813004FBDB7 /* UIButton+AFNetworking.h */ = {isa = PBXFileReference; fileEncoding = 4; lastKnownFileType = sourcecode.c.h; name = "UIButton+AFNetworking.h"; path = "../../../Downloads/AFNetworking-master/UIKit+AFNetworking/UIButton+AFNetworking.h"; sourceTree = "<group>"; };
		E6CF126D1AFB8813004FBDB7 /* UIButton+AFNetworking.m */ = {isa = PBXFileReference; fileEncoding = 4; lastKnownFileType = sourcecode.c.objc; name = "UIButton+AFNetworking.m"; path = "../../../Downloads/AFNetworking-master/UIKit+AFNetworking/UIButton+AFNetworking.m"; sourceTree = "<group>"; };
		E6CF126E1AFB8813004FBDB7 /* UIImageView+AFNetworking.h */ = {isa = PBXFileReference; fileEncoding = 4; lastKnownFileType = sourcecode.c.h; name = "UIImageView+AFNetworking.h"; path = "../../../Downloads/AFNetworking-master/UIKit+AFNetworking/UIImageView+AFNetworking.h"; sourceTree = "<group>"; };
		E6CF126F1AFB8813004FBDB7 /* UIImageView+AFNetworking.m */ = {isa = PBXFileReference; fileEncoding = 4; lastKnownFileType = sourcecode.c.objc; name = "UIImageView+AFNetworking.m"; path = "../../../Downloads/AFNetworking-master/UIKit+AFNetworking/UIImageView+AFNetworking.m"; sourceTree = "<group>"; };
		E6CF12701AFB8813004FBDB7 /* UIKit+AFNetworking.h */ = {isa = PBXFileReference; fileEncoding = 4; lastKnownFileType = sourcecode.c.h; name = "UIKit+AFNetworking.h"; path = "../../../Downloads/AFNetworking-master/UIKit+AFNetworking/UIKit+AFNetworking.h"; sourceTree = "<group>"; };
		E6CF12711AFB8813004FBDB7 /* UIProgressView+AFNetworking.h */ = {isa = PBXFileReference; fileEncoding = 4; lastKnownFileType = sourcecode.c.h; name = "UIProgressView+AFNetworking.h"; path = "../../../Downloads/AFNetworking-master/UIKit+AFNetworking/UIProgressView+AFNetworking.h"; sourceTree = "<group>"; };
		E6CF12721AFB8813004FBDB7 /* UIProgressView+AFNetworking.m */ = {isa = PBXFileReference; fileEncoding = 4; lastKnownFileType = sourcecode.c.objc; name = "UIProgressView+AFNetworking.m"; path = "../../../Downloads/AFNetworking-master/UIKit+AFNetworking/UIProgressView+AFNetworking.m"; sourceTree = "<group>"; };
		E6CF12731AFB8813004FBDB7 /* UIRefreshControl+AFNetworking.h */ = {isa = PBXFileReference; fileEncoding = 4; lastKnownFileType = sourcecode.c.h; name = "UIRefreshControl+AFNetworking.h"; path = "../../../Downloads/AFNetworking-master/UIKit+AFNetworking/UIRefreshControl+AFNetworking.h"; sourceTree = "<group>"; };
		E6CF12741AFB8813004FBDB7 /* UIRefreshControl+AFNetworking.m */ = {isa = PBXFileReference; fileEncoding = 4; lastKnownFileType = sourcecode.c.objc; name = "UIRefreshControl+AFNetworking.m"; path = "../../../Downloads/AFNetworking-master/UIKit+AFNetworking/UIRefreshControl+AFNetworking.m"; sourceTree = "<group>"; };
		E6CF12751AFB8813004FBDB7 /* UIWebView+AFNetworking.h */ = {isa = PBXFileReference; fileEncoding = 4; lastKnownFileType = sourcecode.c.h; name = "UIWebView+AFNetworking.h"; path = "../../../Downloads/AFNetworking-master/UIKit+AFNetworking/UIWebView+AFNetworking.h"; sourceTree = "<group>"; };
		E6CF12761AFB8813004FBDB7 /* UIWebView+AFNetworking.m */ = {isa = PBXFileReference; fileEncoding = 4; lastKnownFileType = sourcecode.c.objc; name = "UIWebView+AFNetworking.m"; path = "../../../Downloads/AFNetworking-master/UIKit+AFNetworking/UIWebView+AFNetworking.m"; sourceTree = "<group>"; };
		E6CF127F1AFB88E9004FBDB7 /* URLManager.h */ = {isa = PBXFileReference; fileEncoding = 4; lastKnownFileType = sourcecode.c.h; path = URLManager.h; sourceTree = "<group>"; };
		E6CF12801AFB88E9004FBDB7 /* URLManager.m */ = {isa = PBXFileReference; fileEncoding = 4; lastKnownFileType = sourcecode.c.objc; path = URLManager.m; sourceTree = "<group>"; };
/* End PBXFileReference section */

/* Begin PBXFrameworksBuildPhase section */
		E6CF11FA1AFA398A004FBDB7 /* Frameworks */ = {
			isa = PBXFrameworksBuildPhase;
			buildActionMask = 2147483647;
			files = (
			);
			runOnlyForDeploymentPostprocessing = 0;
		};
		E6CF12161AFA398A004FBDB7 /* Frameworks */ = {
			isa = PBXFrameworksBuildPhase;
			buildActionMask = 2147483647;
			files = (
			);
			runOnlyForDeploymentPostprocessing = 0;
		};
/* End PBXFrameworksBuildPhase section */

/* Begin PBXGroup section */
		E6372A871AFC730F00526393 /* Location */ = {
			isa = PBXGroup;
			children = (
				E6372A8C1AFC787F00526393 /* CityMeta.h */,
				E6372A8D1AFC787F00526393 /* CityMeta.m */,
				E6372A931AFCE28400526393 /* DistrictMeta.h */,
				E6372A941AFCE28400526393 /* DistrictMeta.m */,
			);
			name = Location;
			sourceTree = "<group>";
		};
		E6372A881AFC731600526393 /* Cinema */ = {
			isa = PBXGroup;
			children = (
				E6372A961AFCE46B00526393 /* CinemaMeta.h */,
				E6372A971AFCE46B00526393 /* CinemaMeta.m */,
			);
			name = Cinema;
			sourceTree = "<group>";
		};
		E6372A891AFC733D00526393 /* Movie */ = {
			isa = PBXGroup;
			children = (
				E6372A991AFCE6D800526393 /* MovieMeta.h */,
				E6372A9A1AFCE6D800526393 /* MovieMeta.m */,
				E6372A9C1AFCEB6000526393 /* MovieDetailMeta.h */,
				E6372A9D1AFCEB6000526393 /* MovieDetailMeta.m */,
			);
			name = Movie;
			sourceTree = "<group>";
		};
		E6372A8A1AFC734600526393 /* Session */ = {
			isa = PBXGroup;
			children = (
				E6372AA21AFCF12D00526393 /* SessionMeta.h */,
				E6372AA31AFCF12D00526393 /* SessionMeta.m */,
			);
			name = Session;
			sourceTree = "<group>";
		};
		E6372A8B1AFC735000526393 /* Ticket */ = {
			isa = PBXGroup;
			children = (
				E6372AA51AFCF14400526393 /* TicketMeta.h */,
				E6372AA61AFCF14400526393 /* TicketMeta.m */,
			);
			name = Ticket;
			sourceTree = "<group>";
		};
		E6CF11F41AFA398A004FBDB7 = {
			isa = PBXGroup;
			children = (
				E6CF11FF1AFA398A004FBDB7 /* HuiYing */,
				E6CF121C1AFA398A004FBDB7 /* HuiYingTests */,
				E6CF11FE1AFA398A004FBDB7 /* Products */,
			);
			sourceTree = "<group>";
		};
		E6CF11FE1AFA398A004FBDB7 /* Products */ = {
			isa = PBXGroup;
			children = (
				E6CF11FD1AFA398A004FBDB7 /* HuiYing.app */,
				E6CF12191AFA398A004FBDB7 /* HuiYingTests.xctest */,
			);
			name = Products;
			sourceTree = "<group>";
		};
		E6CF11FF1AFA398A004FBDB7 /* HuiYing */ = {
			isa = PBXGroup;
			children = (
				E6CF122E1AFA3EA3004FBDB7 /* Utils */,
				E6CF122B1AFA39F6004FBDB7 /* Controllers */,
				E6CF122A1AFA39ED004FBDB7 /* Views */,
				E6CF12291AFA39E0004FBDB7 /* Models */,
				E6CF12041AFA398A004FBDB7 /* AppDelegate.h */,
				E6CF12051AFA398A004FBDB7 /* AppDelegate.m */,
				E6CF120A1AFA398A004FBDB7 /* ViewController.h */,
				E6CF120B1AFA398A004FBDB7 /* ViewController.m */,
				E6CF120D1AFA398A004FBDB7 /* Main.storyboard */,
				E6CF12101AFA398A004FBDB7 /* Images.xcassets */,
				E6CF12121AFA398A004FBDB7 /* LaunchScreen.xib */,
				E6CF12071AFA398A004FBDB7 /* HuiYing.xcdatamodeld */,
				E6CF12001AFA398A004FBDB7 /* Supporting Files */,
			);
			path = HuiYing;
			sourceTree = "<group>";
		};
		E6CF12001AFA398A004FBDB7 /* Supporting Files */ = {
			isa = PBXGroup;
			children = (
				E6CF12011AFA398A004FBDB7 /* Info.plist */,
				E6CF12021AFA398A004FBDB7 /* main.m */,
			);
			name = "Supporting Files";
			sourceTree = "<group>";
		};
		E6CF121C1AFA398A004FBDB7 /* HuiYingTests */ = {
			isa = PBXGroup;
			children = (
				E6CF121F1AFA398A004FBDB7 /* HuiYingTests.m */,
				E6CF121D1AFA398A004FBDB7 /* Supporting Files */,
			);
			path = HuiYingTests;
			sourceTree = "<group>";
		};
		E6CF121D1AFA398A004FBDB7 /* Supporting Files */ = {
			isa = PBXGroup;
			children = (
				E6CF121E1AFA398A004FBDB7 /* Info.plist */,
			);
			name = "Supporting Files";
			sourceTree = "<group>";
		};
		E6CF12291AFA39E0004FBDB7 /* Models */ = {
			isa = PBXGroup;
			children = (
				E6372A8B1AFC735000526393 /* Ticket */,
				E6372A8A1AFC734600526393 /* Session */,
				E6372A891AFC733D00526393 /* Movie */,
				E6372A881AFC731600526393 /* Cinema */,
				E6372A871AFC730F00526393 /* Location */,
				E6CF122D1AFA3A14004FBDB7 /* Database */,
				E6CF122C1AFA3A06004FBDB7 /* Network */,
				E6372A8F1AFC7A6D00526393 /* Constraits.h */,
			);
			name = Models;
			sourceTree = "<group>";
		};
		E6CF122A1AFA39ED004FBDB7 /* Views */ = {
			isa = PBXGroup;
			children = (
			);
			name = Views;
			sourceTree = "<group>";
		};
		E6CF122B1AFA39F6004FBDB7 /* Controllers */ = {
			isa = PBXGroup;
			children = (
			);
			name = Controllers;
			sourceTree = "<group>";
		};
		E6CF122C1AFA3A06004FBDB7 /* Network */ = {
			isa = PBXGroup;
			children = (
				E6CF127F1AFB88E9004FBDB7 /* URLManager.h */,
				E6CF12801AFB88E9004FBDB7 /* URLManager.m */,
				E6372A841AFC721400526393 /* NetworkManager.h */,
				E6372A851AFC721400526393 /* NetworkManager.m */,
			);
			name = Network;
			sourceTree = "<group>";
		};
		E6CF122D1AFA3A14004FBDB7 /* Database */ = {
			isa = PBXGroup;
			children = (
			);
			name = Database;
			sourceTree = "<group>";
		};
		E6CF122E1AFA3EA3004FBDB7 /* Utils */ = {
			isa = PBXGroup;
			children = (
				E6CF12491AFB87D6004FBDB7 /* UIKit+AFNetworking */,
				E6CF12481AFB87C7004FBDB7 /* AFNetworking */,
			);
			name = Utils;
			sourceTree = "<group>";
		};
		E6CF12481AFB87C7004FBDB7 /* AFNetworking */ = {
			isa = PBXGroup;
			children = (
				E6CF124A1AFB8803004FBDB7 /* AFHTTPRequestOperation.h */,
				E6CF124B1AFB8803004FBDB7 /* AFHTTPRequestOperation.m */,
				E6CF124C1AFB8803004FBDB7 /* AFHTTPRequestOperationManager.h */,
				E6CF124D1AFB8803004FBDB7 /* AFHTTPRequestOperationManager.m */,
				E6CF124E1AFB8803004FBDB7 /* AFHTTPSessionManager.h */,
				E6CF124F1AFB8803004FBDB7 /* AFHTTPSessionManager.m */,
				E6CF12501AFB8803004FBDB7 /* AFNetworking.h */,
				E6CF12511AFB8803004FBDB7 /* AFNetworkReachabilityManager.h */,
				E6CF12521AFB8803004FBDB7 /* AFNetworkReachabilityManager.m */,
				E6CF12531AFB8803004FBDB7 /* AFSecurityPolicy.h */,
				E6CF12541AFB8803004FBDB7 /* AFSecurityPolicy.m */,
				E6CF12551AFB8803004FBDB7 /* AFURLConnectionOperation.h */,
				E6CF12561AFB8803004FBDB7 /* AFURLConnectionOperation.m */,
				E6CF12571AFB8803004FBDB7 /* AFURLRequestSerialization.h */,
				E6CF12581AFB8803004FBDB7 /* AFURLRequestSerialization.m */,
				E6CF12591AFB8803004FBDB7 /* AFURLResponseSerialization.h */,
				E6CF125A1AFB8803004FBDB7 /* AFURLResponseSerialization.m */,
				E6CF125B1AFB8803004FBDB7 /* AFURLSessionManager.h */,
				E6CF125C1AFB8803004FBDB7 /* AFURLSessionManager.m */,
			);
			name = AFNetworking;
			sourceTree = "<group>";
		};
		E6CF12491AFB87D6004FBDB7 /* UIKit+AFNetworking */ = {
			isa = PBXGroup;
			children = (
				E6CF12661AFB8813004FBDB7 /* AFNetworkActivityIndicatorManager.h */,
				E6CF12671AFB8813004FBDB7 /* AFNetworkActivityIndicatorManager.m */,
				E6CF12681AFB8813004FBDB7 /* UIActivityIndicatorView+AFNetworking.h */,
				E6CF12691AFB8813004FBDB7 /* UIActivityIndicatorView+AFNetworking.m */,
				E6CF126A1AFB8813004FBDB7 /* UIAlertView+AFNetworking.h */,
				E6CF126B1AFB8813004FBDB7 /* UIAlertView+AFNetworking.m */,
				E6CF126C1AFB8813004FBDB7 /* UIButton+AFNetworking.h */,
				E6CF126D1AFB8813004FBDB7 /* UIButton+AFNetworking.m */,
				E6CF126E1AFB8813004FBDB7 /* UIImageView+AFNetworking.h */,
				E6CF126F1AFB8813004FBDB7 /* UIImageView+AFNetworking.m */,
				E6CF12701AFB8813004FBDB7 /* UIKit+AFNetworking.h */,
				E6CF12711AFB8813004FBDB7 /* UIProgressView+AFNetworking.h */,
				E6CF12721AFB8813004FBDB7 /* UIProgressView+AFNetworking.m */,
				E6CF12731AFB8813004FBDB7 /* UIRefreshControl+AFNetworking.h */,
				E6CF12741AFB8813004FBDB7 /* UIRefreshControl+AFNetworking.m */,
				E6CF12751AFB8813004FBDB7 /* UIWebView+AFNetworking.h */,
				E6CF12761AFB8813004FBDB7 /* UIWebView+AFNetworking.m */,
			);
			name = "UIKit+AFNetworking";
			sourceTree = "<group>";
		};
/* End PBXGroup section */

/* Begin PBXNativeTarget section */
		E6CF11FC1AFA398A004FBDB7 /* HuiYing */ = {
			isa = PBXNativeTarget;
			buildConfigurationList = E6CF12231AFA398A004FBDB7 /* Build configuration list for PBXNativeTarget "HuiYing" */;
			buildPhases = (
				E6CF11F91AFA398A004FBDB7 /* Sources */,
				E6CF11FA1AFA398A004FBDB7 /* Frameworks */,
				E6CF11FB1AFA398A004FBDB7 /* Resources */,
			);
			buildRules = (
			);
			dependencies = (
			);
			name = HuiYing;
			productName = HuiYing;
			productReference = E6CF11FD1AFA398A004FBDB7 /* HuiYing.app */;
			productType = "com.apple.product-type.application";
		};
		E6CF12181AFA398A004FBDB7 /* HuiYingTests */ = {
			isa = PBXNativeTarget;
			buildConfigurationList = E6CF12261AFA398A004FBDB7 /* Build configuration list for PBXNativeTarget "HuiYingTests" */;
			buildPhases = (
				E6CF12151AFA398A004FBDB7 /* Sources */,
				E6CF12161AFA398A004FBDB7 /* Frameworks */,
				E6CF12171AFA398A004FBDB7 /* Resources */,
			);
			buildRules = (
			);
			dependencies = (
				E6CF121B1AFA398A004FBDB7 /* PBXTargetDependency */,
			);
			name = HuiYingTests;
			productName = HuiYingTests;
			productReference = E6CF12191AFA398A004FBDB7 /* HuiYingTests.xctest */;
			productType = "com.apple.product-type.bundle.unit-test";
		};
/* End PBXNativeTarget section */

/* Begin PBXProject section */
		E6CF11F51AFA398A004FBDB7 /* Project object */ = {
			isa = PBXProject;
			attributes = {
				LastUpgradeCheck = 0630;
				ORGANIZATIONNAME = Netease;
				TargetAttributes = {
					E6CF11FC1AFA398A004FBDB7 = {
						CreatedOnToolsVersion = 6.3;
					};
					E6CF12181AFA398A004FBDB7 = {
						CreatedOnToolsVersion = 6.3;
						TestTargetID = E6CF11FC1AFA398A004FBDB7;
					};
				};
			};
			buildConfigurationList = E6CF11F81AFA398A004FBDB7 /* Build configuration list for PBXProject "HuiYing" */;
			compatibilityVersion = "Xcode 3.2";
			developmentRegion = English;
			hasScannedForEncodings = 0;
			knownRegions = (
				en,
				Base,
			);
			mainGroup = E6CF11F41AFA398A004FBDB7;
			productRefGroup = E6CF11FE1AFA398A004FBDB7 /* Products */;
			projectDirPath = "";
			projectRoot = "";
			targets = (
				E6CF11FC1AFA398A004FBDB7 /* HuiYing */,
				E6CF12181AFA398A004FBDB7 /* HuiYingTests */,
			);
		};
/* End PBXProject section */

/* Begin PBXResourcesBuildPhase section */
		E6CF11FB1AFA398A004FBDB7 /* Resources */ = {
			isa = PBXResourcesBuildPhase;
			buildActionMask = 2147483647;
			files = (
				E6CF120F1AFA398A004FBDB7 /* Main.storyboard in Resources */,
				E6CF12141AFA398A004FBDB7 /* LaunchScreen.xib in Resources */,
				E6CF12111AFA398A004FBDB7 /* Images.xcassets in Resources */,
			);
			runOnlyForDeploymentPostprocessing = 0;
		};
		E6CF12171AFA398A004FBDB7 /* Resources */ = {
			isa = PBXResourcesBuildPhase;
			buildActionMask = 2147483647;
			files = (
			);
			runOnlyForDeploymentPostprocessing = 0;
		};
/* End PBXResourcesBuildPhase section */

/* Begin PBXSourcesBuildPhase section */
		E6CF11F91AFA398A004FBDB7 /* Sources */ = {
			isa = PBXSourcesBuildPhase;
			buildActionMask = 2147483647;
			files = (
				E6CF12611AFB8803004FBDB7 /* AFSecurityPolicy.m in Sources */,
				E6372A981AFCE46B00526393 /* CinemaMeta.m in Sources */,
				E6372AA71AFCF14400526393 /* TicketMeta.m in Sources */,
				E6372A951AFCE28400526393 /* DistrictMeta.m in Sources */,
				E6CF12061AFA398A004FBDB7 /* AppDelegate.m in Sources */,
				E6CF12601AFB8803004FBDB7 /* AFNetworkReachabilityManager.m in Sources */,
				E6CF12771AFB8813004FBDB7 /* AFNetworkActivityIndicatorManager.m in Sources */,
				E6CF127B1AFB8813004FBDB7 /* UIImageView+AFNetworking.m in Sources */,
				E6CF12621AFB8803004FBDB7 /* AFURLConnectionOperation.m in Sources */,
				E6CF12781AFB8813004FBDB7 /* UIActivityIndicatorView+AFNetworking.m in Sources */,
				E6372A861AFC721400526393 /* NetworkManager.m in Sources */,
				E6CF127E1AFB8813004FBDB7 /* UIWebView+AFNetworking.m in Sources */,
				E6CF125D1AFB8803004FBDB7 /* AFHTTPRequestOperation.m in Sources */,
				E6CF125F1AFB8803004FBDB7 /* AFHTTPSessionManager.m in Sources */,
				E6CF12791AFB8813004FBDB7 /* UIAlertView+AFNetworking.m in Sources */,
				E6372AA41AFCF12D00526393 /* SessionMeta.m in Sources */,
				E6372A9E1AFCEB6000526393 /* MovieDetailMeta.m in Sources */,
				E6372A9B1AFCE6D800526393 /* MovieMeta.m in Sources */,
				E6CF12631AFB8803004FBDB7 /* AFURLRequestSerialization.m in Sources */,
				E6CF12031AFA398A004FBDB7 /* main.m in Sources */,
				E6CF12651AFB8803004FBDB7 /* AFURLSessionManager.m in Sources */,
				E6CF120C1AFA398A004FBDB7 /* ViewController.m in Sources */,
				E6CF125E1AFB8803004FBDB7 /* AFHTTPRequestOperationManager.m in Sources */,
				E6CF127C1AFB8813004FBDB7 /* UIProgressView+AFNetworking.m in Sources */,
				E6CF127A1AFB8813004FBDB7 /* UIButton+AFNetworking.m in Sources */,
				E6CF12641AFB8803004FBDB7 /* AFURLResponseSerialization.m in Sources */,
				E6CF127D1AFB8813004FBDB7 /* UIRefreshControl+AFNetworking.m in Sources */,
				E6372A8E1AFC787F00526393 /* CityMeta.m in Sources */,
				E6CF12811AFB88E9004FBDB7 /* URLManager.m in Sources */,
				E6CF12091AFA398A004FBDB7 /* HuiYing.xcdatamodeld in Sources */,
			);
			runOnlyForDeploymentPostprocessing = 0;
		};
		E6CF12151AFA398A004FBDB7 /* Sources */ = {
			isa = PBXSourcesBuildPhase;
			buildActionMask = 2147483647;
			files = (
				E6CF12201AFA398A004FBDB7 /* HuiYingTests.m in Sources */,
			);
			runOnlyForDeploymentPostprocessing = 0;
		};
/* End PBXSourcesBuildPhase section */

/* Begin PBXTargetDependency section */
		E6CF121B1AFA398A004FBDB7 /* PBXTargetDependency */ = {
			isa = PBXTargetDependency;
			target = E6CF11FC1AFA398A004FBDB7 /* HuiYing */;
			targetProxy = E6CF121A1AFA398A004FBDB7 /* PBXContainerItemProxy */;
		};
/* End PBXTargetDependency section */

/* Begin PBXVariantGroup section */
		E6CF120D1AFA398A004FBDB7 /* Main.storyboard */ = {
			isa = PBXVariantGroup;
			children = (
				E6CF120E1AFA398A004FBDB7 /* Base */,
			);
			name = Main.storyboard;
			sourceTree = "<group>";
		};
		E6CF12121AFA398A004FBDB7 /* LaunchScreen.xib */ = {
			isa = PBXVariantGroup;
			children = (
				E6CF12131AFA398A004FBDB7 /* Base */,
			);
			name = LaunchScreen.xib;
			sourceTree = "<group>";
		};
/* End PBXVariantGroup section */

/* Begin XCBuildConfiguration section */
		E6CF12211AFA398A004FBDB7 /* Debug */ = {
			isa = XCBuildConfiguration;
			buildSettings = {
				ALWAYS_SEARCH_USER_PATHS = NO;
				CLANG_CXX_LANGUAGE_STANDARD = "gnu++0x";
				CLANG_CXX_LIBRARY = "libc++";
				CLANG_ENABLE_MODULES = YES;
				CLANG_ENABLE_OBJC_ARC = YES;
				CLANG_WARN_BOOL_CONVERSION = YES;
				CLANG_WARN_CONSTANT_CONVERSION = YES;
				CLANG_WARN_DIRECT_OBJC_ISA_USAGE = YES_ERROR;
				CLANG_WARN_EMPTY_BODY = YES;
				CLANG_WARN_ENUM_CONVERSION = YES;
				CLANG_WARN_INT_CONVERSION = YES;
				CLANG_WARN_OBJC_ROOT_CLASS = YES_ERROR;
				CLANG_WARN_UNREACHABLE_CODE = YES;
				CLANG_WARN__DUPLICATE_METHOD_MATCH = YES;
				"CODE_SIGN_IDENTITY[sdk=iphoneos*]" = "iPhone Developer";
				COPY_PHASE_STRIP = NO;
				DEBUG_INFORMATION_FORMAT = "dwarf-with-dsym";
				ENABLE_STRICT_OBJC_MSGSEND = YES;
				GCC_C_LANGUAGE_STANDARD = gnu99;
				GCC_DYNAMIC_NO_PIC = NO;
				GCC_NO_COMMON_BLOCKS = YES;
				GCC_OPTIMIZATION_LEVEL = 0;
				GCC_PREPROCESSOR_DEFINITIONS = (
					"DEBUG=1",
					"$(inherited)",
				);
				GCC_SYMBOLS_PRIVATE_EXTERN = NO;
				GCC_WARN_64_TO_32_BIT_CONVERSION = YES;
				GCC_WARN_ABOUT_RETURN_TYPE = YES_ERROR;
				GCC_WARN_UNDECLARED_SELECTOR = YES;
				GCC_WARN_UNINITIALIZED_AUTOS = YES_AGGRESSIVE;
				GCC_WARN_UNUSED_FUNCTION = YES;
				GCC_WARN_UNUSED_VARIABLE = YES;
				IPHONEOS_DEPLOYMENT_TARGET = 8.3;
				MTL_ENABLE_DEBUG_INFO = YES;
				ONLY_ACTIVE_ARCH = YES;
				SDKROOT = iphoneos;
			};
			name = Debug;
		};
		E6CF12221AFA398A004FBDB7 /* Release */ = {
			isa = XCBuildConfiguration;
			buildSettings = {
				ALWAYS_SEARCH_USER_PATHS = NO;
				CLANG_CXX_LANGUAGE_STANDARD = "gnu++0x";
				CLANG_CXX_LIBRARY = "libc++";
				CLANG_ENABLE_MODULES = YES;
				CLANG_ENABLE_OBJC_ARC = YES;
				CLANG_WARN_BOOL_CONVERSION = YES;
				CLANG_WARN_CONSTANT_CONVERSION = YES;
				CLANG_WARN_DIRECT_OBJC_ISA_USAGE = YES_ERROR;
				CLANG_WARN_EMPTY_BODY = YES;
				CLANG_WARN_ENUM_CONVERSION = YES;
				CLANG_WARN_INT_CONVERSION = YES;
				CLANG_WARN_OBJC_ROOT_CLASS = YES_ERROR;
				CLANG_WARN_UNREACHABLE_CODE = YES;
				CLANG_WARN__DUPLICATE_METHOD_MATCH = YES;
				"CODE_SIGN_IDENTITY[sdk=iphoneos*]" = "iPhone Developer";
				COPY_PHASE_STRIP = NO;
				DEBUG_INFORMATION_FORMAT = "dwarf-with-dsym";
				ENABLE_NS_ASSERTIONS = NO;
				ENABLE_STRICT_OBJC_MSGSEND = YES;
				GCC_C_LANGUAGE_STANDARD = gnu99;
				GCC_NO_COMMON_BLOCKS = YES;
				GCC_WARN_64_TO_32_BIT_CONVERSION = YES;
				GCC_WARN_ABOUT_RETURN_TYPE = YES_ERROR;
				GCC_WARN_UNDECLARED_SELECTOR = YES;
				GCC_WARN_UNINITIALIZED_AUTOS = YES_AGGRESSIVE;
				GCC_WARN_UNUSED_FUNCTION = YES;
				GCC_WARN_UNUSED_VARIABLE = YES;
				IPHONEOS_DEPLOYMENT_TARGET = 8.3;
				MTL_ENABLE_DEBUG_INFO = NO;
				SDKROOT = iphoneos;
				VALIDATE_PRODUCT = YES;
			};
			name = Release;
		};
		E6CF12241AFA398A004FBDB7 /* Debug */ = {
			isa = XCBuildConfiguration;
			buildSettings = {
				ASSETCATALOG_COMPILER_APPICON_NAME = AppIcon;
				INFOPLIST_FILE = HuiYing/Info.plist;
				LD_RUNPATH_SEARCH_PATHS = "$(inherited) @executable_path/Frameworks";
				PRODUCT_NAME = "$(TARGET_NAME)";
			};
			name = Debug;
		};
		E6CF12251AFA398A004FBDB7 /* Release */ = {
			isa = XCBuildConfiguration;
			buildSettings = {
				ASSETCATALOG_COMPILER_APPICON_NAME = AppIcon;
				INFOPLIST_FILE = HuiYing/Info.plist;
				LD_RUNPATH_SEARCH_PATHS = "$(inherited) @executable_path/Frameworks";
				PRODUCT_NAME = "$(TARGET_NAME)";
			};
			name = Release;
		};
		E6CF12271AFA398A004FBDB7 /* Debug */ = {
			isa = XCBuildConfiguration;
			buildSettings = {
				BUNDLE_LOADER = "$(TEST_HOST)";
				FRAMEWORK_SEARCH_PATHS = (
					"$(SDKROOT)/Developer/Library/Frameworks",
					"$(inherited)",
				);
				GCC_PREPROCESSOR_DEFINITIONS = (
					"DEBUG=1",
					"$(inherited)",
				);
				INFOPLIST_FILE = HuiYingTests/Info.plist;
				LD_RUNPATH_SEARCH_PATHS = "$(inherited) @executable_path/Frameworks @loader_path/Frameworks";
				PRODUCT_NAME = "$(TARGET_NAME)";
				TEST_HOST = "$(BUILT_PRODUCTS_DIR)/HuiYing.app/HuiYing";
			};
			name = Debug;
		};
		E6CF12281AFA398A004FBDB7 /* Release */ = {
			isa = XCBuildConfiguration;
			buildSettings = {
				BUNDLE_LOADER = "$(TEST_HOST)";
				FRAMEWORK_SEARCH_PATHS = (
					"$(SDKROOT)/Developer/Library/Frameworks",
					"$(inherited)",
				);
				INFOPLIST_FILE = HuiYingTests/Info.plist;
				LD_RUNPATH_SEARCH_PATHS = "$(inherited) @executable_path/Frameworks @loader_path/Frameworks";
				PRODUCT_NAME = "$(TARGET_NAME)";
				TEST_HOST = "$(BUILT_PRODUCTS_DIR)/HuiYing.app/HuiYing";
			};
			name = Release;
		};
/* End XCBuildConfiguration section */

/* Begin XCConfigurationList section */
		E6CF11F81AFA398A004FBDB7 /* Build configuration list for PBXProject "HuiYing" */ = {
			isa = XCConfigurationList;
			buildConfigurations = (
				E6CF12211AFA398A004FBDB7 /* Debug */,
				E6CF12221AFA398A004FBDB7 /* Release */,
			);
			defaultConfigurationIsVisible = 0;
			defaultConfigurationName = Release;
		};
		E6CF12231AFA398A004FBDB7 /* Build configuration list for PBXNativeTarget "HuiYing" */ = {
			isa = XCConfigurationList;
			buildConfigurations = (
				E6CF12241AFA398A004FBDB7 /* Debug */,
				E6CF12251AFA398A004FBDB7 /* Release */,
			);
			defaultConfigurationIsVisible = 0;
			defaultConfigurationName = Release;
		};
		E6CF12261AFA398A004FBDB7 /* Build configuration list for PBXNativeTarget "HuiYingTests" */ = {
			isa = XCConfigurationList;
			buildConfigurations = (
				E6CF12271AFA398A004FBDB7 /* Debug */,
				E6CF12281AFA398A004FBDB7 /* Release */,
			);
			defaultConfigurationIsVisible = 0;
			defaultConfigurationName = Release;
		};
/* End XCConfigurationList section */

/* Begin XCVersionGroup section */
		E6CF12071AFA398A004FBDB7 /* HuiYing.xcdatamodeld */ = {
			isa = XCVersionGroup;
			children = (
				E6CF12081AFA398A004FBDB7 /* HuiYing.xcdatamodel */,
			);
			currentVersion = E6CF12081AFA398A004FBDB7 /* HuiYing.xcdatamodel */;
			path = HuiYing.xcdatamodeld;
			sourceTree = "<group>";
			versionGroupType = wrapper.xcdatamodel;
		};
/* End XCVersionGroup section */
	};
	rootObject = E6CF11F51AFA398A004FBDB7 /* Project object */;
}
